
Microsoft Visual Studio Solution File, Format Version 12.00
# Visual Studio Version 16
VisualStudioVersion = 16.0.30804.86
MinimumVisualStudioVersion = 10.0.40219.1
Project("{FAE04EC0-301F-11D3-BF4B-00C04F79EFBC}") = "TemplateWorker", "TemplateWorker\TemplateWorker.csproj", "{4B871F07-971B-4A35-8EF9-9BD126D97BB4}"
EndProject
Global
	GlobalSection(SolutionConfigurationPlatforms) = preSolution
		Debug|Any CPU = Debug|Any CPU
		Release|Any CPU = Release|Any CPU
	EndGlobalSection
	GlobalSection(ProjectConfigurationPlatforms) = postSolution
		{4B871F07-971B-4A35-8EF9-9BD126D97BB4}.Debug|Any CPU.ActiveCfg = Debug|Any CPU
		{4B871F07-971B-4A35-8EF9-9BD126D97BB4}.Debug|Any CPU.Build.0 = Debug|Any CPU
		{4B871F07-971B-4A35-8EF9-9BD126D97BB4}.Release|Any CPU.ActiveCfg = Release|Any CPU
		{4B871F07-971B-4A35-8EF9-9BD126D97BB4}.Release|Any CPU.Build.0 = Release|Any CPU
	EndGlobalSection
	GlobalSection(SolutionProperties) = preSolution
		HideSolutionNode = FALSE
	EndGlobalSection
	GlobalSection(ExtensibilityGlobals) = postSolution
		SolutionGuid = {5FD46CBE-153C-4EAC-B5A3-BD84DA74D035}
	EndGlobalSection
EndGlobal
